// !$*UTF8*$!
{
	archiveVersion = 1;
	classes = {
	};
	objectVersion = 52;
	objects = {

/* Begin PBXBuildFile section */
		7C14FC002413F2BC002CF4A8 /* AppDelegate.swift in Sources */ = {isa = PBXBuildFile; fileRef = 7C14FBFF2413F2BC002CF4A8 /* AppDelegate.swift */; };
		7C14FC062413F2C0002CF4A8 /* Assets.xcassets in Resources */ = {isa = PBXBuildFile; fileRef = 7C14FC052413F2C0002CF4A8 /* Assets.xcassets */; };
		7C14FC092413F2C0002CF4A8 /* Preview Assets.xcassets in Resources */ = {isa = PBXBuildFile; fileRef = 7C14FC082413F2C0002CF4A8 /* Preview Assets.xcassets */; };
		7C14FC0C2413F2C0002CF4A8 /* LaunchScreen.storyboard in Resources */ = {isa = PBXBuildFile; fileRef = 7C14FC0A2413F2C0002CF4A8 /* LaunchScreen.storyboard */; };
		7C14FC172413F2C0002CF4A8 /* JatJatTests.swift in Sources */ = {isa = PBXBuildFile; fileRef = 7C14FC162413F2C0002CF4A8 /* JatJatTests.swift */; };
		7C14FC222413F2C0002CF4A8 /* JatJatUITests.swift in Sources */ = {isa = PBXBuildFile; fileRef = 7C14FC212413F2C0002CF4A8 /* JatJatUITests.swift */; };
		7C14FC332413F52E002CF4A8 /* Stevia in Frameworks */ = {isa = PBXBuildFile; productRef = 7C14FC322413F52E002CF4A8 /* Stevia */; };
		7C14FC352413F568002CF4A8 /* NoteVC.swift in Sources */ = {isa = PBXBuildFile; fileRef = 7C14FC342413F568002CF4A8 /* NoteVC.swift */; };
		7C14FC372413F59E002CF4A8 /* NoteView.swift in Sources */ = {isa = PBXBuildFile; fileRef = 7C14FC362413F59E002CF4A8 /* NoteView.swift */; };
		7C14FC392413F9FA002CF4A8 /* SceneDelegate.swift in Sources */ = {isa = PBXBuildFile; fileRef = 7C14FC382413F9FA002CF4A8 /* SceneDelegate.swift */; };
		7C14FC3F24149EA7002CF4A8 /* KeyBoardManagerDelegate.swift in Sources */ = {isa = PBXBuildFile; fileRef = 7C14FC3E24149EA7002CF4A8 /* KeyBoardManagerDelegate.swift */; };
		7C14FC4124149ED3002CF4A8 /* KeyBoardManager.swift in Sources */ = {isa = PBXBuildFile; fileRef = 7C14FC4024149ED3002CF4A8 /* KeyBoardManager.swift */; };
		7C5725E92421F3F9006D3A29 /* RealmSwift.framework in Frameworks */ = {isa = PBXBuildFile; fileRef = 7C5725E72421F3F8006D3A29 /* RealmSwift.framework */; };
		7C5725EA2421F3F9006D3A29 /* RealmSwift.framework in Embed Frameworks */ = {isa = PBXBuildFile; fileRef = 7C5725E72421F3F8006D3A29 /* RealmSwift.framework */; settings = {ATTRIBUTES = (CodeSignOnCopy, RemoveHeadersOnCopy, ); }; };
		7C5725EB2421F3F9006D3A29 /* Realm.framework in Frameworks */ = {isa = PBXBuildFile; fileRef = 7C5725E82421F3F9006D3A29 /* Realm.framework */; };
		7C5725EC2421F3F9006D3A29 /* Realm.framework in Embed Frameworks */ = {isa = PBXBuildFile; fileRef = 7C5725E82421F3F9006D3A29 /* Realm.framework */; settings = {ATTRIBUTES = (CodeSignOnCopy, RemoveHeadersOnCopy, ); }; };
		7C6273B62441955C00F7AB88 /* MarkDownManager.swift in Sources */ = {isa = PBXBuildFile; fileRef = 7C6273B52441955C00F7AB88 /* MarkDownManager.swift */; };
		7CA3D930242F8B04003D92FA /* HEXColor.framework in Frameworks */ = {isa = PBXBuildFile; fileRef = 7CA3D92F242F8B04003D92FA /* HEXColor.framework */; };
		7CA3D931242F8B04003D92FA /* HEXColor.framework in Embed Frameworks */ = {isa = PBXBuildFile; fileRef = 7CA3D92F242F8B04003D92FA /* HEXColor.framework */; settings = {ATTRIBUTES = (CodeSignOnCopy, RemoveHeadersOnCopy, ); }; };
		7CA3D93A2437505B003D92FA /* ListVC.swift in Sources */ = {isa = PBXBuildFile; fileRef = 7CA3D9392437505B003D92FA /* ListVC.swift */; };
		7CA3D93C24375070003D92FA /* ListView.swift in Sources */ = {isa = PBXBuildFile; fileRef = 7CA3D93B24375070003D92FA /* ListView.swift */; };
		7CA3D93E24377C57003D92FA /* RxDataSources.framework in Frameworks */ = {isa = PBXBuildFile; fileRef = 7CA3D93D24377C56003D92FA /* RxDataSources.framework */; };
		7CA3D93F24377C57003D92FA /* RxDataSources.framework in Embed Frameworks */ = {isa = PBXBuildFile; fileRef = 7CA3D93D24377C56003D92FA /* RxDataSources.framework */; settings = {ATTRIBUTES = (CodeSignOnCopy, RemoveHeadersOnCopy, ); }; };
		7CA3D94124377C6A003D92FA /* Differentiator.framework in Frameworks */ = {isa = PBXBuildFile; fileRef = 7CA3D94024377C6A003D92FA /* Differentiator.framework */; };
		7CA3D94224377C6A003D92FA /* Differentiator.framework in Embed Frameworks */ = {isa = PBXBuildFile; fileRef = 7CA3D94024377C6A003D92FA /* Differentiator.framework */; settings = {ATTRIBUTES = (CodeSignOnCopy, RemoveHeadersOnCopy, ); }; };
		7CA3D9442438933D003D92FA /* ItemRow.swift in Sources */ = {isa = PBXBuildFile; fileRef = 7CA3D9432438933D003D92FA /* ItemRow.swift */; };
		7CA3D9452438BD94003D92FA /* RxSwift.framework in Frameworks */ = {isa = PBXBuildFile; fileRef = 7CF92CB72426181B00A9AE57 /* RxSwift.framework */; };
		7CA3D9462438BD95003D92FA /* RxSwift.framework in Embed Frameworks */ = {isa = PBXBuildFile; fileRef = 7CF92CB72426181B00A9AE57 /* RxSwift.framework */; settings = {ATTRIBUTES = (CodeSignOnCopy, RemoveHeadersOnCopy, ); }; };
		7CA3D9472438BD9E003D92FA /* RxCocoa.framework in Frameworks */ = {isa = PBXBuildFile; fileRef = 7CF92CBA2426187100A9AE57 /* RxCocoa.framework */; };
		7CA3D9482438BD9E003D92FA /* RxCocoa.framework in Embed Frameworks */ = {isa = PBXBuildFile; fileRef = 7CF92CBA2426187100A9AE57 /* RxCocoa.framework */; settings = {ATTRIBUTES = (CodeSignOnCopy, RemoveHeadersOnCopy, ); }; };
		7CB8F207242C8664002B4349 /* Note.swift in Sources */ = {isa = PBXBuildFile; fileRef = 7CB8F206242C8664002B4349 /* Note.swift */; };
		7CB8F20A242CFFDB002B4349 /* Ink in Frameworks */ = {isa = PBXBuildFile; productRef = 7CB8F209242CFFDB002B4349 /* Ink */; };
		7CB8F20C242D0579002B4349 /* Down.framework in Frameworks */ = {isa = PBXBuildFile; fileRef = 7CB8F20B242D0578002B4349 /* Down.framework */; };
		7CB8F20D242D0579002B4349 /* Down.framework in Embed Frameworks */ = {isa = PBXBuildFile; fileRef = 7CB8F20B242D0578002B4349 /* Down.framework */; settings = {ATTRIBUTES = (CodeSignOnCopy, RemoveHeadersOnCopy, ); }; };
/* End PBXBuildFile section */

/* Begin PBXContainerItemProxy section */
		7C14FC132413F2C0002CF4A8 /* PBXContainerItemProxy */ = {
			isa = PBXContainerItemProxy;
			containerPortal = 7C14FBF42413F2BC002CF4A8 /* Project object */;
			proxyType = 1;
			remoteGlobalIDString = 7C14FBFB2413F2BC002CF4A8;
			remoteInfo = JatJat;
		};
		7C14FC1E2413F2C0002CF4A8 /* PBXContainerItemProxy */ = {
			isa = PBXContainerItemProxy;
			containerPortal = 7C14FBF42413F2BC002CF4A8 /* Project object */;
			proxyType = 1;
			remoteGlobalIDString = 7C14FBFB2413F2BC002CF4A8;
			remoteInfo = JatJat;
		};
/* End PBXContainerItemProxy section */

/* Begin PBXCopyFilesBuildPhase section */
		7C5725ED2421F3F9006D3A29 /* Embed Frameworks */ = {
			isa = PBXCopyFilesBuildPhase;
			buildActionMask = 2147483647;
			dstPath = "";
			dstSubfolderSpec = 10;
			files = (
				7CA3D94224377C6A003D92FA /* Differentiator.framework in Embed Frameworks */,
				7C5725EC2421F3F9006D3A29 /* Realm.framework in Embed Frameworks */,
				7CA3D9462438BD95003D92FA /* RxSwift.framework in Embed Frameworks */,
				7CB8F20D242D0579002B4349 /* Down.framework in Embed Frameworks */,
				7CA3D9482438BD9E003D92FA /* RxCocoa.framework in Embed Frameworks */,
				7CA3D93F24377C57003D92FA /* RxDataSources.framework in Embed Frameworks */,
				7CA3D931242F8B04003D92FA /* HEXColor.framework in Embed Frameworks */,
				7C5725EA2421F3F9006D3A29 /* RealmSwift.framework in Embed Frameworks */,
			);
			name = "Embed Frameworks";
			runOnlyForDeploymentPostprocessing = 0;
		};
/* End PBXCopyFilesBuildPhase section */

/* Begin PBXFileReference section */
		7C14FBFC2413F2BC002CF4A8 /* JatJat.app */ = {isa = PBXFileReference; explicitFileType = wrapper.application; includeInIndex = 0; path = JatJat.app; sourceTree = BUILT_PRODUCTS_DIR; };
		7C14FBFF2413F2BC002CF4A8 /* AppDelegate.swift */ = {isa = PBXFileReference; lastKnownFileType = sourcecode.swift; path = AppDelegate.swift; sourceTree = "<group>"; };
		7C14FC052413F2C0002CF4A8 /* Assets.xcassets */ = {isa = PBXFileReference; lastKnownFileType = folder.assetcatalog; path = Assets.xcassets; sourceTree = "<group>"; };
		7C14FC082413F2C0002CF4A8 /* Preview Assets.xcassets */ = {isa = PBXFileReference; lastKnownFileType = folder.assetcatalog; path = "Preview Assets.xcassets"; sourceTree = "<group>"; };
		7C14FC0B2413F2C0002CF4A8 /* Base */ = {isa = PBXFileReference; lastKnownFileType = file.storyboard; name = Base; path = Base.lproj/LaunchScreen.storyboard; sourceTree = "<group>"; };
		7C14FC0D2413F2C0002CF4A8 /* Info.plist */ = {isa = PBXFileReference; lastKnownFileType = text.plist.xml; path = Info.plist; sourceTree = "<group>"; };
		7C14FC122413F2C0002CF4A8 /* JatJatTests.xctest */ = {isa = PBXFileReference; explicitFileType = wrapper.cfbundle; includeInIndex = 0; path = JatJatTests.xctest; sourceTree = BUILT_PRODUCTS_DIR; };
		7C14FC162413F2C0002CF4A8 /* JatJatTests.swift */ = {isa = PBXFileReference; lastKnownFileType = sourcecode.swift; path = JatJatTests.swift; sourceTree = "<group>"; };
		7C14FC182413F2C0002CF4A8 /* Info.plist */ = {isa = PBXFileReference; lastKnownFileType = text.plist.xml; path = Info.plist; sourceTree = "<group>"; };
		7C14FC1D2413F2C0002CF4A8 /* JatJatUITests.xctest */ = {isa = PBXFileReference; explicitFileType = wrapper.cfbundle; includeInIndex = 0; path = JatJatUITests.xctest; sourceTree = BUILT_PRODUCTS_DIR; };
		7C14FC212413F2C0002CF4A8 /* JatJatUITests.swift */ = {isa = PBXFileReference; lastKnownFileType = sourcecode.swift; path = JatJatUITests.swift; sourceTree = "<group>"; };
		7C14FC232413F2C0002CF4A8 /* Info.plist */ = {isa = PBXFileReference; lastKnownFileType = text.plist.xml; path = Info.plist; sourceTree = "<group>"; };
		7C14FC342413F568002CF4A8 /* NoteVC.swift */ = {isa = PBXFileReference; lastKnownFileType = sourcecode.swift; path = NoteVC.swift; sourceTree = "<group>"; };
		7C14FC362413F59E002CF4A8 /* NoteView.swift */ = {isa = PBXFileReference; lastKnownFileType = sourcecode.swift; path = NoteView.swift; sourceTree = "<group>"; };
		7C14FC382413F9FA002CF4A8 /* SceneDelegate.swift */ = {isa = PBXFileReference; lastKnownFileType = sourcecode.swift; path = SceneDelegate.swift; sourceTree = "<group>"; };
		7C14FC3E24149EA7002CF4A8 /* KeyBoardManagerDelegate.swift */ = {isa = PBXFileReference; lastKnownFileType = sourcecode.swift; path = KeyBoardManagerDelegate.swift; sourceTree = "<group>"; };
		7C14FC4024149ED3002CF4A8 /* KeyBoardManager.swift */ = {isa = PBXFileReference; lastKnownFileType = sourcecode.swift; path = KeyBoardManager.swift; sourceTree = "<group>"; };
		7C5725E72421F3F8006D3A29 /* RealmSwift.framework */ = {isa = PBXFileReference; lastKnownFileType = wrapper.framework; name = RealmSwift.framework; path = Carthage/Build/iOS/RealmSwift.framework; sourceTree = "<group>"; };
		7C5725E82421F3F9006D3A29 /* Realm.framework */ = {isa = PBXFileReference; lastKnownFileType = wrapper.framework; name = Realm.framework; path = Carthage/Build/iOS/Realm.framework; sourceTree = "<group>"; };
		7C6273B52441955C00F7AB88 /* MarkDownManager.swift */ = {isa = PBXFileReference; lastKnownFileType = sourcecode.swift; path = MarkDownManager.swift; sourceTree = "<group>"; };
		7CA3D92F242F8B04003D92FA /* HEXColor.framework */ = {isa = PBXFileReference; lastKnownFileType = wrapper.framework; name = HEXColor.framework; path = Carthage/Build/iOS/HEXColor.framework; sourceTree = "<group>"; };
		7CA3D9392437505B003D92FA /* ListVC.swift */ = {isa = PBXFileReference; lastKnownFileType = sourcecode.swift; path = ListVC.swift; sourceTree = "<group>"; };
		7CA3D93B24375070003D92FA /* ListView.swift */ = {isa = PBXFileReference; lastKnownFileType = sourcecode.swift; path = ListView.swift; sourceTree = "<group>"; };
		7CA3D93D24377C56003D92FA /* RxDataSources.framework */ = {isa = PBXFileReference; lastKnownFileType = wrapper.framework; name = RxDataSources.framework; path = Carthage/Build/iOS/RxDataSources.framework; sourceTree = "<group>"; };
		7CA3D94024377C6A003D92FA /* Differentiator.framework */ = {isa = PBXFileReference; lastKnownFileType = wrapper.framework; name = Differentiator.framework; path = Carthage/Build/iOS/Differentiator.framework; sourceTree = "<group>"; };
		7CA3D9432438933D003D92FA /* ItemRow.swift */ = {isa = PBXFileReference; lastKnownFileType = sourcecode.swift; path = ItemRow.swift; sourceTree = "<group>"; };
		7CB8F206242C8664002B4349 /* Note.swift */ = {isa = PBXFileReference; lastKnownFileType = sourcecode.swift; path = Note.swift; sourceTree = "<group>"; };
		7CB8F20B242D0578002B4349 /* Down.framework */ = {isa = PBXFileReference; lastKnownFileType = wrapper.framework; name = Down.framework; path = Carthage/Build/iOS/Down.framework; sourceTree = "<group>"; };
		7CF92CB4242617FB00A9AE57 /* RxRealm.framework */ = {isa = PBXFileReference; lastKnownFileType = wrapper.framework; name = RxRealm.framework; path = Carthage/Build/iOS/RxRealm.framework; sourceTree = "<group>"; };
		7CF92CB72426181B00A9AE57 /* RxSwift.framework */ = {isa = PBXFileReference; lastKnownFileType = wrapper.framework; name = RxSwift.framework; path = Carthage/Build/iOS/RxSwift.framework; sourceTree = "<group>"; };
		7CF92CBA2426187100A9AE57 /* RxCocoa.framework */ = {isa = PBXFileReference; lastKnownFileType = wrapper.framework; name = RxCocoa.framework; path = Carthage/Build/iOS/RxCocoa.framework; sourceTree = "<group>"; };
		7CF92CBD2426188600A9AE57 /* RxRelay.framework */ = {isa = PBXFileReference; lastKnownFileType = wrapper.framework; name = RxRelay.framework; path = Carthage/Build/iOS/RxRelay.framework; sourceTree = "<group>"; };
/* End PBXFileReference section */

/* Begin PBXFrameworksBuildPhase section */
		7C14FBF92413F2BC002CF4A8 /* Frameworks */ = {
			isa = PBXFrameworksBuildPhase;
			buildActionMask = 2147483647;
			files = (
				7CB8F20C242D0579002B4349 /* Down.framework in Frameworks */,
				7C5725EB2421F3F9006D3A29 /* Realm.framework in Frameworks */,
				7CA3D9452438BD94003D92FA /* RxSwift.framework in Frameworks */,
				7CA3D94124377C6A003D92FA /* Differentiator.framework in Frameworks */,
				7CB8F20A242CFFDB002B4349 /* Ink in Frameworks */,
				7CA3D93E24377C57003D92FA /* RxDataSources.framework in Frameworks */,
				7C5725E92421F3F9006D3A29 /* RealmSwift.framework in Frameworks */,
				7CA3D930242F8B04003D92FA /* HEXColor.framework in Frameworks */,
				7CA3D9472438BD9E003D92FA /* RxCocoa.framework in Frameworks */,
				7C14FC332413F52E002CF4A8 /* Stevia in Frameworks */,
			);
			runOnlyForDeploymentPostprocessing = 0;
		};
		7C14FC0F2413F2C0002CF4A8 /* Frameworks */ = {
			isa = PBXFrameworksBuildPhase;
			buildActionMask = 2147483647;
			files = (
			);
			runOnlyForDeploymentPostprocessing = 0;
		};
		7C14FC1A2413F2C0002CF4A8 /* Frameworks */ = {
			isa = PBXFrameworksBuildPhase;
			buildActionMask = 2147483647;
			files = (
			);
			runOnlyForDeploymentPostprocessing = 0;
		};
/* End PBXFrameworksBuildPhase section */

/* Begin PBXGroup section */
		7C14FBF32413F2BC002CF4A8 = {
			isa = PBXGroup;
			children = (
				7C14FBFE2413F2BC002CF4A8 /* JatJat */,
				7C14FC152413F2C0002CF4A8 /* JatJatTests */,
				7C14FC202413F2C0002CF4A8 /* JatJatUITests */,
				7C14FBFD2413F2BC002CF4A8 /* Products */,
				7C5725E62421F3F8006D3A29 /* Frameworks */,
			);
			sourceTree = "<group>";
		};
		7C14FBFD2413F2BC002CF4A8 /* Products */ = {
			isa = PBXGroup;
			children = (
				7C14FBFC2413F2BC002CF4A8 /* JatJat.app */,
				7C14FC122413F2C0002CF4A8 /* JatJatTests.xctest */,
				7C14FC1D2413F2C0002CF4A8 /* JatJatUITests.xctest */,
			);
			name = Products;
			sourceTree = "<group>";
		};
		7C14FBFE2413F2BC002CF4A8 /* JatJat */ = {
			isa = PBXGroup;
			children = (
				7CB8F205242C7E6F002B4349 /* Models */,
				7C14FBFF2413F2BC002CF4A8 /* AppDelegate.swift */,
				7C14FC382413F9FA002CF4A8 /* SceneDelegate.swift */,
				7C14FC3A24149E2A002CF4A8 /* Utils */,
				7C14FC302413F33C002CF4A8 /* Resources */,
				7C14FC2F2413F32A002CF4A8 /* Note */,
				7CA3D93824375024003D92FA /* List */,
				7C14FC0D2413F2C0002CF4A8 /* Info.plist */,
				7C14FC072413F2C0002CF4A8 /* Preview Content */,
			);
			path = JatJat;
			sourceTree = "<group>";
		};
		7C14FC072413F2C0002CF4A8 /* Preview Content */ = {
			isa = PBXGroup;
			children = (
				7C14FC082413F2C0002CF4A8 /* Preview Assets.xcassets */,
			);
			path = "Preview Content";
			sourceTree = "<group>";
		};
		7C14FC152413F2C0002CF4A8 /* JatJatTests */ = {
			isa = PBXGroup;
			children = (
				7C14FC162413F2C0002CF4A8 /* JatJatTests.swift */,
				7C14FC182413F2C0002CF4A8 /* Info.plist */,
			);
			path = JatJatTests;
			sourceTree = "<group>";
		};
		7C14FC202413F2C0002CF4A8 /* JatJatUITests */ = {
			isa = PBXGroup;
			children = (
				7C14FC212413F2C0002CF4A8 /* JatJatUITests.swift */,
				7C14FC232413F2C0002CF4A8 /* Info.plist */,
			);
			path = JatJatUITests;
			sourceTree = "<group>";
		};
		7C14FC2F2413F32A002CF4A8 /* Note */ = {
			isa = PBXGroup;
			children = (
				7C14FC342413F568002CF4A8 /* NoteVC.swift */,
				7C14FC362413F59E002CF4A8 /* NoteView.swift */,
			);
			path = Note;
			sourceTree = "<group>";
		};
		7C14FC302413F33C002CF4A8 /* Resources */ = {
			isa = PBXGroup;
			children = (
				7C14FC0A2413F2C0002CF4A8 /* LaunchScreen.storyboard */,
				7C14FC052413F2C0002CF4A8 /* Assets.xcassets */,
			);
			path = Resources;
			sourceTree = "<group>";
		};
		7C14FC3A24149E2A002CF4A8 /* Utils */ = {
			isa = PBXGroup;
			children = (
				7C6273B42441954400F7AB88 /* Struct */,
				7C14FC3B24149E37002CF4A8 /* Class */,
			);
			path = Utils;
			sourceTree = "<group>";
		};
		7C14FC3B24149E37002CF4A8 /* Class */ = {
			isa = PBXGroup;
			children = (
				7C14FC3C24149E73002CF4A8 /* KeyBoardManager */,
			);
			path = Class;
			sourceTree = "<group>";
		};
		7C14FC3C24149E73002CF4A8 /* KeyBoardManager */ = {
			isa = PBXGroup;
			children = (
				7C14FC3D24149E85002CF4A8 /* Protocols */,
				7C14FC4024149ED3002CF4A8 /* KeyBoardManager.swift */,
			);
			path = KeyBoardManager;
			sourceTree = "<group>";
		};
		7C14FC3D24149E85002CF4A8 /* Protocols */ = {
			isa = PBXGroup;
			children = (
				7C14FC3E24149EA7002CF4A8 /* KeyBoardManagerDelegate.swift */,
			);
			path = Protocols;
			sourceTree = "<group>";
		};
		7C5725E62421F3F8006D3A29 /* Frameworks */ = {
			isa = PBXGroup;
			children = (
				7CA3D94024377C6A003D92FA /* Differentiator.framework */,
				7CA3D93D24377C56003D92FA /* RxDataSources.framework */,
				7CA3D92F242F8B04003D92FA /* HEXColor.framework */,
				7CB8F20B242D0578002B4349 /* Down.framework */,
				7CF92CBD2426188600A9AE57 /* RxRelay.framework */,
				7CF92CBA2426187100A9AE57 /* RxCocoa.framework */,
				7CF92CB72426181B00A9AE57 /* RxSwift.framework */,
				7CF92CB4242617FB00A9AE57 /* RxRealm.framework */,
				7C5725E82421F3F9006D3A29 /* Realm.framework */,
				7C5725E72421F3F8006D3A29 /* RealmSwift.framework */,
			);
			name = Frameworks;
			sourceTree = "<group>";
		};
		7C6273B42441954400F7AB88 /* Struct */ = {
			isa = PBXGroup;
			children = (
				7C6273B52441955C00F7AB88 /* MarkDownManager.swift */,
			);
			path = Struct;
			sourceTree = "<group>";
		};
		7CA3D93824375024003D92FA /* List */ = {
			isa = PBXGroup;
			children = (
				7CA3D9392437505B003D92FA /* ListVC.swift */,
				7CA3D93B24375070003D92FA /* ListView.swift */,
				7CA3D9432438933D003D92FA /* ItemRow.swift */,
			);
			path = List;
			sourceTree = "<group>";
		};
		7CB8F205242C7E6F002B4349 /* Models */ = {
			isa = PBXGroup;
			children = (
				7CB8F206242C8664002B4349 /* Note.swift */,
			);
			path = Models;
			sourceTree = "<group>";
		};
/* End PBXGroup section */

/* Begin PBXNativeTarget section */
		7C14FBFB2413F2BC002CF4A8 /* JatJat */ = {
			isa = PBXNativeTarget;
			buildConfigurationList = 7C14FC262413F2C0002CF4A8 /* Build configuration list for PBXNativeTarget "JatJat" */;
			buildPhases = (
				7C14FBF82413F2BC002CF4A8 /* Sources */,
				7C14FBF92413F2BC002CF4A8 /* Frameworks */,
				7C14FBFA2413F2BC002CF4A8 /* Resources */,
				7C5725ED2421F3F9006D3A29 /* Embed Frameworks */,
				7C5725EE2421F41E006D3A29 /* ShellScript */,
			);
			buildRules = (
			);
			dependencies = (
			);
			name = JatJat;
			packageProductDependencies = (
				7C14FC322413F52E002CF4A8 /* Stevia */,
				7CB8F209242CFFDB002B4349 /* Ink */,
			);
			productName = JatJat;
			productReference = 7C14FBFC2413F2BC002CF4A8 /* JatJat.app */;
			productType = "com.apple.product-type.application";
		};
		7C14FC112413F2C0002CF4A8 /* JatJatTests */ = {
			isa = PBXNativeTarget;
			buildConfigurationList = 7C14FC292413F2C0002CF4A8 /* Build configuration list for PBXNativeTarget "JatJatTests" */;
			buildPhases = (
				7C14FC0E2413F2C0002CF4A8 /* Sources */,
				7C14FC0F2413F2C0002CF4A8 /* Frameworks */,
				7C14FC102413F2C0002CF4A8 /* Resources */,
			);
			buildRules = (
			);
			dependencies = (
				7C14FC142413F2C0002CF4A8 /* PBXTargetDependency */,
			);
			name = JatJatTests;
			productName = JatJatTests;
			productReference = 7C14FC122413F2C0002CF4A8 /* JatJatTests.xctest */;
			productType = "com.apple.product-type.bundle.unit-test";
		};
		7C14FC1C2413F2C0002CF4A8 /* JatJatUITests */ = {
			isa = PBXNativeTarget;
			buildConfigurationList = 7C14FC2C2413F2C0002CF4A8 /* Build configuration list for PBXNativeTarget "JatJatUITests" */;
			buildPhases = (
				7C14FC192413F2C0002CF4A8 /* Sources */,
				7C14FC1A2413F2C0002CF4A8 /* Frameworks */,
				7C14FC1B2413F2C0002CF4A8 /* Resources */,
			);
			buildRules = (
			);
			dependencies = (
				7C14FC1F2413F2C0002CF4A8 /* PBXTargetDependency */,
			);
			name = JatJatUITests;
			productName = JatJatUITests;
			productReference = 7C14FC1D2413F2C0002CF4A8 /* JatJatUITests.xctest */;
			productType = "com.apple.product-type.bundle.ui-testing";
		};
/* End PBXNativeTarget section */

/* Begin PBXProject section */
		7C14FBF42413F2BC002CF4A8 /* Project object */ = {
			isa = PBXProject;
			attributes = {
				LastSwiftUpdateCheck = 1130;
				LastUpgradeCheck = 1130;
				ORGANIZATIONNAME = "alvin joseph valdez";
				TargetAttributes = {
					7C14FBFB2413F2BC002CF4A8 = {
						CreatedOnToolsVersion = 11.3.1;
					};
					7C14FC112413F2C0002CF4A8 = {
						CreatedOnToolsVersion = 11.3.1;
						TestTargetID = 7C14FBFB2413F2BC002CF4A8;
					};
					7C14FC1C2413F2C0002CF4A8 = {
						CreatedOnToolsVersion = 11.3.1;
						TestTargetID = 7C14FBFB2413F2BC002CF4A8;
					};
				};
			};
			buildConfigurationList = 7C14FBF72413F2BC002CF4A8 /* Build configuration list for PBXProject "JatJat" */;
			compatibilityVersion = "Xcode 9.3";
			developmentRegion = en;
			hasScannedForEncodings = 0;
			knownRegions = (
				en,
				Base,
			);
			mainGroup = 7C14FBF32413F2BC002CF4A8;
			packageReferences = (
				7C14FC312413F52E002CF4A8 /* XCRemoteSwiftPackageReference "Stevia" */,
				7CB8F208242CFFDB002B4349 /* XCRemoteSwiftPackageReference "Ink" */,
			);
			productRefGroup = 7C14FBFD2413F2BC002CF4A8 /* Products */;
			projectDirPath = "";
			projectRoot = "";
			targets = (
				7C14FBFB2413F2BC002CF4A8 /* JatJat */,
				7C14FC112413F2C0002CF4A8 /* JatJatTests */,
				7C14FC1C2413F2C0002CF4A8 /* JatJatUITests */,
			);
		};
/* End PBXProject section */

/* Begin PBXResourcesBuildPhase section */
		7C14FBFA2413F2BC002CF4A8 /* Resources */ = {
			isa = PBXResourcesBuildPhase;
			buildActionMask = 2147483647;
			files = (
				7C14FC0C2413F2C0002CF4A8 /* LaunchScreen.storyboard in Resources */,
				7C14FC092413F2C0002CF4A8 /* Preview Assets.xcassets in Resources */,
				7C14FC062413F2C0002CF4A8 /* Assets.xcassets in Resources */,
			);
			runOnlyForDeploymentPostprocessing = 0;
		};
		7C14FC102413F2C0002CF4A8 /* Resources */ = {
			isa = PBXResourcesBuildPhase;
			buildActionMask = 2147483647;
			files = (
			);
			runOnlyForDeploymentPostprocessing = 0;
		};
		7C14FC1B2413F2C0002CF4A8 /* Resources */ = {
			isa = PBXResourcesBuildPhase;
			buildActionMask = 2147483647;
			files = (
			);
			runOnlyForDeploymentPostprocessing = 0;
		};
/* End PBXResourcesBuildPhase section */

/* Begin PBXShellScriptBuildPhase section */
		7C5725EE2421F41E006D3A29 /* ShellScript */ = {
			isa = PBXShellScriptBuildPhase;
			buildActionMask = 12;
			files = (
			);
			inputFileListPaths = (
			);
			inputPaths = (
				"$(SRCROOT)/Carthage/Build/iOS/Realm.framework",
				"$(SRCROOT)/Carthage/Build/iOS/RealmSwift.framework",
			);
			outputFileListPaths = (
			);
			outputPaths = (
			);
			runOnlyForDeploymentPostprocessing = 0;
			shellPath = /bin/sh;
			shellScript = "/usr/local/bin/carthage copy-frameworks\n";
		};
/* End PBXShellScriptBuildPhase section */

/* Begin PBXSourcesBuildPhase section */
		7C14FBF82413F2BC002CF4A8 /* Sources */ = {
			isa = PBXSourcesBuildPhase;
			buildActionMask = 2147483647;
			files = (
				7C14FC352413F568002CF4A8 /* NoteVC.swift in Sources */,
				7C14FC002413F2BC002CF4A8 /* AppDelegate.swift in Sources */,
				7CB8F207242C8664002B4349 /* Note.swift in Sources */,
				7C14FC4124149ED3002CF4A8 /* KeyBoardManager.swift in Sources */,
				7CA3D93A2437505B003D92FA /* ListVC.swift in Sources */,
				7C14FC3F24149EA7002CF4A8 /* KeyBoardManagerDelegate.swift in Sources */,
				7C14FC372413F59E002CF4A8 /* NoteView.swift in Sources */,
				7C6273B62441955C00F7AB88 /* MarkDownManager.swift in Sources */,
				7CA3D9442438933D003D92FA /* ItemRow.swift in Sources */,
				7C14FC392413F9FA002CF4A8 /* SceneDelegate.swift in Sources */,
				7CA3D93C24375070003D92FA /* ListView.swift in Sources */,
			);
			runOnlyForDeploymentPostprocessing = 0;
		};
		7C14FC0E2413F2C0002CF4A8 /* Sources */ = {
			isa = PBXSourcesBuildPhase;
			buildActionMask = 2147483647;
			files = (
				7C14FC172413F2C0002CF4A8 /* JatJatTests.swift in Sources */,
			);
			runOnlyForDeploymentPostprocessing = 0;
		};
		7C14FC192413F2C0002CF4A8 /* Sources */ = {
			isa = PBXSourcesBuildPhase;
			buildActionMask = 2147483647;
			files = (
				7C14FC222413F2C0002CF4A8 /* JatJatUITests.swift in Sources */,
			);
			runOnlyForDeploymentPostprocessing = 0;
		};
/* End PBXSourcesBuildPhase section */

/* Begin PBXTargetDependency section */
		7C14FC142413F2C0002CF4A8 /* PBXTargetDependency */ = {
			isa = PBXTargetDependency;
			target = 7C14FBFB2413F2BC002CF4A8 /* JatJat */;
			targetProxy = 7C14FC132413F2C0002CF4A8 /* PBXContainerItemProxy */;
		};
		7C14FC1F2413F2C0002CF4A8 /* PBXTargetDependency */ = {
			isa = PBXTargetDependency;
			target = 7C14FBFB2413F2BC002CF4A8 /* JatJat */;
			targetProxy = 7C14FC1E2413F2C0002CF4A8 /* PBXContainerItemProxy */;
		};
/* End PBXTargetDependency section */

/* Begin PBXVariantGroup section */
		7C14FC0A2413F2C0002CF4A8 /* LaunchScreen.storyboard */ = {
			isa = PBXVariantGroup;
			children = (
				7C14FC0B2413F2C0002CF4A8 /* Base */,
			);
			name = LaunchScreen.storyboard;
			sourceTree = "<group>";
		};
/* End PBXVariantGroup section */

/* Begin XCBuildConfiguration section */
		7C14FC242413F2C0002CF4A8 /* Debug */ = {
			isa = XCBuildConfiguration;
			buildSettings = {
				ALWAYS_SEARCH_USER_PATHS = NO;
				CLANG_ANALYZER_NONNULL = YES;
				CLANG_ANALYZER_NUMBER_OBJECT_CONVERSION = YES_AGGRESSIVE;
				CLANG_CXX_LANGUAGE_STANDARD = "gnu++14";
				CLANG_CXX_LIBRARY = "libc++";
				CLANG_ENABLE_MODULES = YES;
				CLANG_ENABLE_OBJC_ARC = YES;
				CLANG_ENABLE_OBJC_WEAK = YES;
				CLANG_WARN_BLOCK_CAPTURE_AUTORELEASING = YES;
				CLANG_WARN_BOOL_CONVERSION = YES;
				CLANG_WARN_COMMA = YES;
				CLANG_WARN_CONSTANT_CONVERSION = YES;
				CLANG_WARN_DEPRECATED_OBJC_IMPLEMENTATIONS = YES;
				CLANG_WARN_DIRECT_OBJC_ISA_USAGE = YES_ERROR;
				CLANG_WARN_DOCUMENTATION_COMMENTS = YES;
				CLANG_WARN_EMPTY_BODY = YES;
				CLANG_WARN_ENUM_CONVERSION = YES;
				CLANG_WARN_INFINITE_RECURSION = YES;
				CLANG_WARN_INT_CONVERSION = YES;
				CLANG_WARN_NON_LITERAL_NULL_CONVERSION = YES;
				CLANG_WARN_OBJC_IMPLICIT_RETAIN_SELF = YES;
				CLANG_WARN_OBJC_LITERAL_CONVERSION = YES;
				CLANG_WARN_OBJC_ROOT_CLASS = YES_ERROR;
				CLANG_WARN_RANGE_LOOP_ANALYSIS = YES;
				CLANG_WARN_STRICT_PROTOTYPES = YES;
				CLANG_WARN_SUSPICIOUS_MOVE = YES;
				CLANG_WARN_UNGUARDED_AVAILABILITY = YES_AGGRESSIVE;
				CLANG_WARN_UNREACHABLE_CODE = YES;
				CLANG_WARN__DUPLICATE_METHOD_MATCH = YES;
				COPY_PHASE_STRIP = NO;
				DEBUG_INFORMATION_FORMAT = dwarf;
				ENABLE_STRICT_OBJC_MSGSEND = YES;
				ENABLE_TESTABILITY = YES;
				GCC_C_LANGUAGE_STANDARD = gnu11;
				GCC_DYNAMIC_NO_PIC = NO;
				GCC_NO_COMMON_BLOCKS = YES;
				GCC_OPTIMIZATION_LEVEL = 0;
				GCC_PREPROCESSOR_DEFINITIONS = (
					"DEBUG=1",
					"$(inherited)",
				);
				GCC_WARN_64_TO_32_BIT_CONVERSION = YES;
				GCC_WARN_ABOUT_RETURN_TYPE = YES_ERROR;
				GCC_WARN_UNDECLARED_SELECTOR = YES;
				GCC_WARN_UNINITIALIZED_AUTOS = YES_AGGRESSIVE;
				GCC_WARN_UNUSED_FUNCTION = YES;
				GCC_WARN_UNUSED_VARIABLE = YES;
				IPHONEOS_DEPLOYMENT_TARGET = 13.2;
				MTL_ENABLE_DEBUG_INFO = INCLUDE_SOURCE;
				MTL_FAST_MATH = YES;
				ONLY_ACTIVE_ARCH = YES;
				SDKROOT = iphoneos;
				SWIFT_ACTIVE_COMPILATION_CONDITIONS = DEBUG;
				SWIFT_OPTIMIZATION_LEVEL = "-Onone";
			};
			name = Debug;
		};
		7C14FC252413F2C0002CF4A8 /* Release */ = {
			isa = XCBuildConfiguration;
			buildSettings = {
				ALWAYS_SEARCH_USER_PATHS = NO;
				CLANG_ANALYZER_NONNULL = YES;
				CLANG_ANALYZER_NUMBER_OBJECT_CONVERSION = YES_AGGRESSIVE;
				CLANG_CXX_LANGUAGE_STANDARD = "gnu++14";
				CLANG_CXX_LIBRARY = "libc++";
				CLANG_ENABLE_MODULES = YES;
				CLANG_ENABLE_OBJC_ARC = YES;
				CLANG_ENABLE_OBJC_WEAK = YES;
				CLANG_WARN_BLOCK_CAPTURE_AUTORELEASING = YES;
				CLANG_WARN_BOOL_CONVERSION = YES;
				CLANG_WARN_COMMA = YES;
				CLANG_WARN_CONSTANT_CONVERSION = YES;
				CLANG_WARN_DEPRECATED_OBJC_IMPLEMENTATIONS = YES;
				CLANG_WARN_DIRECT_OBJC_ISA_USAGE = YES_ERROR;
				CLANG_WARN_DOCUMENTATION_COMMENTS = YES;
				CLANG_WARN_EMPTY_BODY = YES;
				CLANG_WARN_ENUM_CONVERSION = YES;
				CLANG_WARN_INFINITE_RECURSION = YES;
				CLANG_WARN_INT_CONVERSION = YES;
				CLANG_WARN_NON_LITERAL_NULL_CONVERSION = YES;
				CLANG_WARN_OBJC_IMPLICIT_RETAIN_SELF = YES;
				CLANG_WARN_OBJC_LITERAL_CONVERSION = YES;
				CLANG_WARN_OBJC_ROOT_CLASS = YES_ERROR;
				CLANG_WARN_RANGE_LOOP_ANALYSIS = YES;
				CLANG_WARN_STRICT_PROTOTYPES = YES;
				CLANG_WARN_SUSPICIOUS_MOVE = YES;
				CLANG_WARN_UNGUARDED_AVAILABILITY = YES_AGGRESSIVE;
				CLANG_WARN_UNREACHABLE_CODE = YES;
				CLANG_WARN__DUPLICATE_METHOD_MATCH = YES;
				COPY_PHASE_STRIP = NO;
				DEBUG_INFORMATION_FORMAT = "dwarf-with-dsym";
				ENABLE_NS_ASSERTIONS = NO;
				ENABLE_STRICT_OBJC_MSGSEND = YES;
				GCC_C_LANGUAGE_STANDARD = gnu11;
				GCC_NO_COMMON_BLOCKS = YES;
				GCC_WARN_64_TO_32_BIT_CONVERSION = YES;
				GCC_WARN_ABOUT_RETURN_TYPE = YES_ERROR;
				GCC_WARN_UNDECLARED_SELECTOR = YES;
				GCC_WARN_UNINITIALIZED_AUTOS = YES_AGGRESSIVE;
				GCC_WARN_UNUSED_FUNCTION = YES;
				GCC_WARN_UNUSED_VARIABLE = YES;
				IPHONEOS_DEPLOYMENT_TARGET = 13.2;
				MTL_ENABLE_DEBUG_INFO = NO;
				MTL_FAST_MATH = YES;
				SDKROOT = iphoneos;
				SWIFT_COMPILATION_MODE = wholemodule;
				SWIFT_OPTIMIZATION_LEVEL = "-Onone";
				VALIDATE_PRODUCT = YES;
			};
			name = Release;
		};
		7C14FC272413F2C0002CF4A8 /* Debug */ = {
			isa = XCBuildConfiguration;
			buildSettings = {
				ASSETCATALOG_COMPILER_APPICON_NAME = AppIcon;
				CODE_SIGN_STYLE = Automatic;
				DEVELOPMENT_ASSET_PATHS = "\"JatJat/Preview Content\"";
				DEVELOPMENT_TEAM = 3S4MHP69HY;
				ENABLE_PREVIEWS = YES;
				FRAMEWORK_SEARCH_PATHS = (
					"$(inherited)",
					"$(PROJECT_DIR)/Carthage/Build/iOS",
				);
				INFOPLIST_FILE = JatJat/Info.plist;
				LD_RUNPATH_SEARCH_PATHS = (
					"$(inherited)",
					"@executable_path/Frameworks",
				);
				PRODUCT_BUNDLE_IDENTIFIER = com.hero.JatJat;
				PRODUCT_NAME = "$(TARGET_NAME)";
				SWIFT_VERSION = 5.0;
				TARGETED_DEVICE_FAMILY = "1,2";
			};
			name = Debug;
		};
		7C14FC282413F2C0002CF4A8 /* Release */ = {
			isa = XCBuildConfiguration;
			buildSettings = {
				ASSETCATALOG_COMPILER_APPICON_NAME = AppIcon;
				CODE_SIGN_STYLE = Automatic;
				DEVELOPMENT_ASSET_PATHS = "\"JatJat/Preview Content\"";
				DEVELOPMENT_TEAM = 3S4MHP69HY;
				ENABLE_PREVIEWS = YES;
				FRAMEWORK_SEARCH_PATHS = (
					"$(inherited)",
					"$(PROJECT_DIR)/Carthage/Build/iOS",
				);
				INFOPLIST_FILE = JatJat/Info.plist;
				LD_RUNPATH_SEARCH_PATHS = (
					"$(inherited)",
					"@executable_path/Frameworks",
				);
				PRODUCT_BUNDLE_IDENTIFIER = com.hero.JatJat;
				PRODUCT_NAME = "$(TARGET_NAME)";
				SWIFT_VERSION = 5.0;
				TARGETED_DEVICE_FAMILY = "1,2";
			};
			name = Release;
		};
		7C14FC2A2413F2C0002CF4A8 /* Debug */ = {
			isa = XCBuildConfiguration;
			buildSettings = {
				ALWAYS_EMBED_SWIFT_STANDARD_LIBRARIES = YES;
				BUNDLE_LOADER = "$(TEST_HOST)";
				CODE_SIGN_STYLE = Automatic;
				DEVELOPMENT_TEAM = 3S4MHP69HY;
				INFOPLIST_FILE = JatJatTests/Info.plist;
				IPHONEOS_DEPLOYMENT_TARGET = 13.2;
				LD_RUNPATH_SEARCH_PATHS = (
					"$(inherited)",
					"@executable_path/Frameworks",
					"@loader_path/Frameworks",
				);
				PRODUCT_BUNDLE_IDENTIFIER = com.hero.JatJatTests;
				PRODUCT_NAME = "$(TARGET_NAME)";
				SWIFT_VERSION = 5.0;
				TARGETED_DEVICE_FAMILY = "1,2";
				TEST_HOST = "$(BUILT_PRODUCTS_DIR)/JatJat.app/JatJat";
			};
			name = Debug;
		};
		7C14FC2B2413F2C0002CF4A8 /* Release */ = {
			isa = XCBuildConfiguration;
			buildSettings = {
				ALWAYS_EMBED_SWIFT_STANDARD_LIBRARIES = YES;
				BUNDLE_LOADER = "$(TEST_HOST)";
				CODE_SIGN_STYLE = Automatic;
				DEVELOPMENT_TEAM = 3S4MHP69HY;
				INFOPLIST_FILE = JatJatTests/Info.plist;
				IPHONEOS_DEPLOYMENT_TARGET = 13.2;
				LD_RUNPATH_SEARCH_PATHS = (
					"$(inherited)",
					"@executable_path/Frameworks",
					"@loader_path/Frameworks",
				);
				PRODUCT_BUNDLE_IDENTIFIER = com.hero.JatJatTests;
				PRODUCT_NAME = "$(TARGET_NAME)";
				SWIFT_VERSION = 5.0;
				TARGETED_DEVICE_FAMILY = "1,2";
				TEST_HOST = "$(BUILT_PRODUCTS_DIR)/JatJat.app/JatJat";
			};
			name = Release;
		};
		7C14FC2D2413F2C0002CF4A8 /* Debug */ = {
			isa = XCBuildConfiguration;
			buildSettings = {
				ALWAYS_EMBED_SWIFT_STANDARD_LIBRARIES = YES;
				CODE_SIGN_STYLE = Automatic;
				DEVELOPMENT_TEAM = 3S4MHP69HY;
				INFOPLIST_FILE = JatJatUITests/Info.plist;
				LD_RUNPATH_SEARCH_PATHS = (
					"$(inherited)",
					"@executable_path/Frameworks",
					"@loader_path/Frameworks",
				);
				PRODUCT_BUNDLE_IDENTIFIER = com.hero.JatJatUITests;
				PRODUCT_NAME = "$(TARGET_NAME)";
				SWIFT_VERSION = 5.0;
				TARGETED_DEVICE_FAMILY = "1,2";
				TEST_TARGET_NAME = JatJat;
			};
			name = Debug;
		};
		7C14FC2E2413F2C0002CF4A8 /* Release */ = {
			isa = XCBuildConfiguration;
			buildSettings = {
				ALWAYS_EMBED_SWIFT_STANDARD_LIBRARIES = YES;
				CODE_SIGN_STYLE = Automatic;
				DEVELOPMENT_TEAM = 3S4MHP69HY;
				INFOPLIST_FILE = JatJatUITests/Info.plist;
				LD_RUNPATH_SEARCH_PATHS = (
					"$(inherited)",
					"@executable_path/Frameworks",
					"@loader_path/Frameworks",
				);
				PRODUCT_BUNDLE_IDENTIFIER = com.hero.JatJatUITests;
				PRODUCT_NAME = "$(TARGET_NAME)";
				SWIFT_VERSION = 5.0;
				TARGETED_DEVICE_FAMILY = "1,2";
				TEST_TARGET_NAME = JatJat;
			};
			name = Release;
		};
/* End XCBuildConfiguration section */

/* Begin XCConfigurationList section */
		7C14FBF72413F2BC002CF4A8 /* Build configuration list for PBXProject "JatJat" */ = {
			isa = XCConfigurationList;
			buildConfigurations = (
				7C14FC242413F2C0002CF4A8 /* Debug */,
				7C14FC252413F2C0002CF4A8 /* Release */,
			);
			defaultConfigurationIsVisible = 0;
			defaultConfigurationName = Release;
		};
		7C14FC262413F2C0002CF4A8 /* Build configuration list for PBXNativeTarget "JatJat" */ = {
			isa = XCConfigurationList;
			buildConfigurations = (
				7C14FC272413F2C0002CF4A8 /* Debug */,
				7C14FC282413F2C0002CF4A8 /* Release */,
			);
			defaultConfigurationIsVisible = 0;
			defaultConfigurationName = Release;
		};
		7C14FC292413F2C0002CF4A8 /* Build configuration list for PBXNativeTarget "JatJatTests" */ = {
			isa = XCConfigurationList;
			buildConfigurations = (
				7C14FC2A2413F2C0002CF4A8 /* Debug */,
				7C14FC2B2413F2C0002CF4A8 /* Release */,
			);
			defaultConfigurationIsVisible = 0;
			defaultConfigurationName = Release;
		};
		7C14FC2C2413F2C0002CF4A8 /* Build configuration list for PBXNativeTarget "JatJatUITests" */ = {
			isa = XCConfigurationList;
			buildConfigurations = (
				7C14FC2D2413F2C0002CF4A8 /* Debug */,
				7C14FC2E2413F2C0002CF4A8 /* Release */,
			);
			defaultConfigurationIsVisible = 0;
			defaultConfigurationName = Release;
		};
/* End XCConfigurationList section */

/* Begin XCRemoteSwiftPackageReference section */
		7C14FC312413F52E002CF4A8 /* XCRemoteSwiftPackageReference "Stevia" */ = {
			isa = XCRemoteSwiftPackageReference;
			repositoryURL = "git@github.com:freshOS/Stevia.git";
			requirement = {
				kind = upToNextMajorVersion;
				minimumVersion = 4.8.0;
			};
		};
		7CB8F208242CFFDB002B4349 /* XCRemoteSwiftPackageReference "Ink" */ = {
			isa = XCRemoteSwiftPackageReference;
			repositoryURL = "git@github.com:JohnSundell/Ink.git";
			requirement = {
				kind = upToNextMajorVersion;
				minimumVersion = 0.4.0;
			};
		};
/* End XCRemoteSwiftPackageReference section */

/* Begin XCSwiftPackageProductDependency section */
		7C14FC322413F52E002CF4A8 /* Stevia */ = {
			isa = XCSwiftPackageProductDependency;
			package = 7C14FC312413F52E002CF4A8 /* XCRemoteSwiftPackageReference "Stevia" */;
			productName = Stevia;
		};
		7CB8F209242CFFDB002B4349 /* Ink */ = {
			isa = XCSwiftPackageProductDependency;
			package = 7CB8F208242CFFDB002B4349 /* XCRemoteSwiftPackageReference "Ink" */;
			productName = Ink;
		};
/* End XCSwiftPackageProductDependency section */
	};
	rootObject = 7C14FBF42413F2BC002CF4A8 /* Project object */;
}
